
Microsoft Visual Studio Solution File, Format Version 12.00
# Visual Studio 15
Project("{FAE04EC0-301F-11D3-BF4B-00C04F79EFBC}") = "Assembly-CSharp-firstpass", "Assembly-CSharp-firstpass.csproj", "{7CFD3322-1F7C-109C-1263-247E5C689CF0}"
EndProject
Project("{FAE04EC0-301F-11D3-BF4B-00C04F79EFBC}") = "Assembly-CSharp", "Assembly-CSharp.csproj", "{26BDCF65-7E40-1FDF-772E-18EE45ECBB46}"
EndProject
Project("{FAE04EC0-301F-11D3-BF4B-00C04F79EFBC}") = "Assembly-CSharp-Editor-firstpass", "Assembly-CSharp-Editor-firstpass.csproj", "{EC09D8D3-560F-537F-C12F-CB354C6FD7A9}"
EndProject
Global
	GlobalSection(SolutionConfigurationPlatforms) = preSolution
		Debug|Any CPU = Debug|Any CPU
		Release|Any CPU = Release|Any CPU
	EndGlobalSection
	GlobalSection(ProjectConfigurationPlatforms) = postSolution
		{7CFD3322-1F7C-109C-1263-247E5C689CF0}.Debug|Any CPU.ActiveCfg = Debug|Any CPU
		{7CFD3322-1F7C-109C-1263-247E5C689CF0}.Debug|Any CPU.Build.0 = Debug|Any CPU
		{7CFD3322-1F7C-109C-1263-247E5C689CF0}.Release|Any CPU.ActiveCfg = Release|Any CPU
		{7CFD3322-1F7C-109C-1263-247E5C689CF0}.Release|Any CPU.Build.0 = Release|Any CPU
		{26BDCF65-7E40-1FDF-772E-18EE45ECBB46}.Debug|Any CPU.ActiveCfg = Debug|Any CPU
		{26BDCF65-7E40-1FDF-772E-18EE45ECBB46}.Debug|Any CPU.Build.0 = Debug|Any CPU
		{26BDCF65-7E40-1FDF-772E-18EE45ECBB46}.Release|Any CPU.ActiveCfg = Release|Any CPU
		{26BDCF65-7E40-1FDF-772E-18EE45ECBB46}.Release|Any CPU.Build.0 = Release|Any CPU
		{EC09D8D3-560F-537F-C12F-CB354C6FD7A9}.Debug|Any CPU.ActiveCfg = Debug|Any CPU
		{EC09D8D3-560F-537F-C12F-CB354C6FD7A9}.Debug|Any CPU.Build.0 = Debug|Any CPU
		{EC09D8D3-560F-537F-C12F-CB354C6FD7A9}.Release|Any CPU.ActiveCfg = Release|Any CPU
		{EC09D8D3-560F-537F-C12F-CB354C6FD7A9}.Release|Any CPU.Build.0 = Release|Any CPU
	EndGlobalSection
	GlobalSection(SolutionProperties) = preSolution
		HideSolutionNode = FALSE
	EndGlobalSection
EndGlobal
